{
    "name": "Form",
    "lockfileVersion": 2,
    "requires": true,
    "packages": {
        "": {
            "dependencies": {
                "jquery.maskedinput": "^1.4.1",
                "notiflix": "^3.2.5"
            }
        },
        "node_modules/jquery.maskedinput": {
            "version": "1.4.1",
            "resolved": "https://registry.npmjs.org/jquery.maskedinput/-/jquery.maskedinput-1.4.1.tgz",
            "integrity": "sha512-d4GmaVsN/2E38G3yAZXvBmAlVWuxhYOng/hfFy3pyr9O1CgzfqRJ3nR+DTuxusLOi5EKoA5Jw6YBHRd+BCQYAg=="
        },
        "node_modules/notiflix": {
            "version": "3.2.5",
            "resolved": "https://registry.npmjs.org/notiflix/-/notiflix-3.2.5.tgz",
            "integrity": "sha512-eMoMlT6gRl6RmO7N23j4APhxSYpYyNRV4T6qF11f3Yh3GMd/GKOdEZ+q/q1crUsZBg0f9EEfTXxLE3A/T3Cu9Q=="
        }
    },
    "dependencies": {
        "jquery.maskedinput": {
            "version": "1.4.1",
            "resolved": "https://registry.npmjs.org/jquery.maskedinput/-/jquery.maskedinput-1.4.1.tgz",
            "integrity": "sha512-d4GmaVsN/2E38G3yAZXvBmAlVWuxhYOng/hfFy3pyr9O1CgzfqRJ3nR+DTuxusLOi5EKoA5Jw6YBHRd+BCQYAg=="
        },
        "notiflix": {
            "version": "3.2.5",
            "resolved": "https://registry.npmjs.org/notiflix/-/notiflix-3.2.5.tgz",
            "integrity": "sha512-eMoMlT6gRl6RmO7N23j4APhxSYpYyNRV4T6qF11f3Yh3GMd/GKOdEZ+q/q1crUsZBg0f9EEfTXxLE3A/T3Cu9Q=="
        }
    }
}
